
Microsoft Visual Studio Solution File, Format Version 12.00
# Visual Studio Version 17
VisualStudioVersion = 17.8.34316.72
MinimumVisualStudioVersion = 10.0.40219.1
Project("{9A19103F-16F7-4668-BE54-9A1E7A4F7556}") = "ConfigDemo", "ConfigDemo\ConfigDemo.csproj", "{8919F46D-3F04-47A7-BC49-55C9B72B4AB5}"
EndProject
Project("{FAE04EC0-301F-11D3-BF4B-00C04F79EFBC}") = "ConfigDemo.Shared", "ConfigDemo.Shared\ConfigDemo.Shared.csproj", "{EA5A720B-39D1-4F59-81E4-B88F1826A954}"
EndProject
Project("{2150E333-8FDC-42A3-9474-1A3956D46DE8}") = "Solution Items", "Solution Items", "{CE0000AE-AD5B-4743-BA93-3149BCFCF744}"
	ProjectSection(SolutionItems) = preProject
		Publish.ps1 = Publish.ps1
	EndProjectSection
EndProject
Global
	GlobalSection(SolutionConfigurationPlatforms) = preSolution
		Debug|Any CPU = Debug|Any CPU
		Release|Any CPU = Release|Any CPU
	EndGlobalSection
	GlobalSection(ProjectConfigurationPlatforms) = postSolution
		{8919F46D-3F04-47A7-BC49-55C9B72B4AB5}.Debug|Any CPU.ActiveCfg = Debug|Any CPU
		{8919F46D-3F04-47A7-BC49-55C9B72B4AB5}.Debug|Any CPU.Build.0 = Debug|Any CPU
		{8919F46D-3F04-47A7-BC49-55C9B72B4AB5}.Release|Any CPU.ActiveCfg = Release|Any CPU
		{8919F46D-3F04-47A7-BC49-55C9B72B4AB5}.Release|Any CPU.Build.0 = Release|Any CPU
		{EA5A720B-39D1-4F59-81E4-B88F1826A954}.Debug|Any CPU.ActiveCfg = Debug|Any CPU
		{EA5A720B-39D1-4F59-81E4-B88F1826A954}.Debug|Any CPU.Build.0 = Debug|Any CPU
		{EA5A720B-39D1-4F59-81E4-B88F1826A954}.Release|Any CPU.ActiveCfg = Release|Any CPU
		{EA5A720B-39D1-4F59-81E4-B88F1826A954}.Release|Any CPU.Build.0 = Release|Any CPU
	EndGlobalSection
	GlobalSection(SolutionProperties) = preSolution
		HideSolutionNode = FALSE
	EndGlobalSection
	GlobalSection(ExtensibilityGlobals) = postSolution
		SolutionGuid = {F44DF4EC-1ADB-4974-A19A-AB75B6998886}
	EndGlobalSection
EndGlobal
